
Microsoft Visual Studio Solution File, Format Version 12.00
# Visual Studio 14
VisualStudioVersion = 14.0.22823.1
MinimumVisualStudioVersion = 10.0.40219.1
Project("{FAE04EC0-301F-11D3-BF4B-00C04F79EFBC}") = "Review", "Review\Review.csproj", "{6375DBF0-83E2-4054-B8B2-AE21DF10D15C}"
EndProject
Global
	GlobalSection(SolutionConfigurationPlatforms) = preSolution
		Debug|Any CPU = Debug|Any CPU
		Release|Any CPU = Release|Any CPU
	EndGlobalSection
	GlobalSection(ProjectConfigurationPlatforms) = postSolution
		{6375DBF0-83E2-4054-B8B2-AE21DF10D15C}.Debug|Any CPU.ActiveCfg = Debug|Any CPU
		{6375DBF0-83E2-4054-B8B2-AE21DF10D15C}.Debug|Any CPU.Build.0 = Debug|Any CPU
		{6375DBF0-83E2-4054-B8B2-AE21DF10D15C}.Release|Any CPU.ActiveCfg = Release|Any CPU
		{6375DBF0-83E2-4054-B8B2-AE21DF10D15C}.Release|Any CPU.Build.0 = Release|Any CPU
	EndGlobalSection
	GlobalSection(SolutionProperties) = preSolution
		HideSolutionNode = FALSE
	EndGlobalSection
EndGlobal
